// !$*UTF8*$!
{
	archiveVersion = 1;
	classes = {
	};
	objectVersion = 46;
	objects = {

/* Begin PBXBuildFile section */
		1303F15E435FCCB59E345884 /* Pods_MozQuito.framework in Frameworks */ = {isa = PBXBuildFile; fileRef = 4087E065765E5258925F1D8D /* Pods_MozQuito.framework */; };
		A505BA431C56512E004F2607 /* Beta Testing Release Notes.txt in Resources */ = {isa = PBXBuildFile; fileRef = A505BA421C56512E004F2607 /* Beta Testing Release Notes.txt */; };
		A505BA481C567057004F2607 /* MZAuthenticationToken.swift in Sources */ = {isa = PBXBuildFile; fileRef = A505BA471C567057004F2607 /* MZAuthenticationToken.swift */; };
		A505BA4A1C5672EF004F2607 /* AlamofireJSONOperation.swift in Sources */ = {isa = PBXBuildFile; fileRef = A505BA491C5672EF004F2607 /* AlamofireJSONOperation.swift */; };
		A505BA4C1C567CA1004F2607 /* MZAuthenticatedOperation.swift in Sources */ = {isa = PBXBuildFile; fileRef = A505BA4B1C567CA1004F2607 /* MZAuthenticatedOperation.swift */; };
		A54B1D231C57A3F30086BE0D /* URLMetricsTest.swift in Sources */ = {isa = PBXBuildFile; fileRef = A54B1D221C57A3F30086BE0D /* URLMetricsTest.swift */; };
		A59626DC1C5274670076147C /* AnalyticsInteractors.swift in Sources */ = {isa = PBXBuildFile; fileRef = A59626DB1C5274670076147C /* AnalyticsInteractors.swift */; };
		A59626E11C5277820076147C /* TestAnalyticsViewController.swift in Sources */ = {isa = PBXBuildFile; fileRef = A59626E01C5277820076147C /* TestAnalyticsViewController.swift */; };
		A596270A1C5289870076147C /* AnalyticEntities.swift in Sources */ = {isa = PBXBuildFile; fileRef = A59627091C5289870076147C /* AnalyticEntities.swift */; };
		A596270C1C528C1D0076147C /* MZAppDependencies.swift in Sources */ = {isa = PBXBuildFile; fileRef = A596270B1C528C1D0076147C /* MZAppDependencies.swift */; };
		A59627111C5292740076147C /* MZStoryboardLoader.swift in Sources */ = {isa = PBXBuildFile; fileRef = A59627101C5292740076147C /* MZStoryboardLoader.swift */; };
		A5EA9A8B1C568083004CC9EF /* MZURLMetricsOperations.swift in Sources */ = {isa = PBXBuildFile; fileRef = A5EA9A8A1C568083004CC9EF /* MZURLMetricsOperations.swift */; };
		A5EA9A8E1C5681E1004CC9EF /* URLMetricsViperProtocols.swift in Sources */ = {isa = PBXBuildFile; fileRef = A5EA9A8D1C5681E1004CC9EF /* URLMetricsViperProtocols.swift */; };
		A5EA9A901C568233004CC9EF /* MZMetric.swift in Sources */ = {isa = PBXBuildFile; fileRef = A5EA9A8F1C568233004CC9EF /* MZMetric.swift */; };
		A5EA9A921C5686FB004CC9EF /* URLMetricsViperImplementation.swift in Sources */ = {isa = PBXBuildFile; fileRef = A5EA9A911C5686FB004CC9EF /* URLMetricsViperImplementation.swift */; };
		A5EA9A951C568D92004CC9EF /* ViperTester.swift in Sources */ = {isa = PBXBuildFile; fileRef = A5EA9A941C568D92004CC9EF /* ViperTester.swift */; };
		A5EA9A991C568DAF004CC9EF /* AdvancedOperationTestCase.swift in Sources */ = {isa = PBXBuildFile; fileRef = A5EA9A961C568DAF004CC9EF /* AdvancedOperationTestCase.swift */; };
		A5EA9A9A1C568DAF004CC9EF /* NLAssertEqualOptional.swift in Sources */ = {isa = PBXBuildFile; fileRef = A5EA9A971C568DAF004CC9EF /* NLAssertEqualOptional.swift */; };
		A5EA9A9B1C568DAF004CC9EF /* TestAnalyticsInteractors.swift in Sources */ = {isa = PBXBuildFile; fileRef = A5EA9A981C568DAF004CC9EF /* TestAnalyticsInteractors.swift */; };
		A5F4E66C1C50E0FD0099010C /* AppDelegate.swift in Sources */ = {isa = PBXBuildFile; fileRef = A5F4E66B1C50E0FD0099010C /* AppDelegate.swift */; };
		A5F4E6711C50E0FD0099010C /* Test.storyboard in Resources */ = {isa = PBXBuildFile; fileRef = A5F4E66F1C50E0FD0099010C /* Test.storyboard */; };
		A5F4E6731C50E0FD0099010C /* Assets.xcassets in Resources */ = {isa = PBXBuildFile; fileRef = A5F4E6721C50E0FD0099010C /* Assets.xcassets */; };
		A5F4E6761C50E0FD0099010C /* LaunchScreen.storyboard in Resources */ = {isa = PBXBuildFile; fileRef = A5F4E6741C50E0FD0099010C /* LaunchScreen.storyboard */; };
		A5F4E6811C50E0FD0099010C /* MozQuitoTests.swift in Sources */ = {isa = PBXBuildFile; fileRef = A5F4E6801C50E0FD0099010C /* MozQuitoTests.swift */; };
		D0171968272E6A403E62E8D8 /* Pods_MozQuitoTests.framework in Frameworks */ = {isa = PBXBuildFile; fileRef = 661A68C89CB11FF3490F5718 /* Pods_MozQuitoTests.framework */; };
/* End PBXBuildFile section */

/* Begin PBXContainerItemProxy section */
		A5F4E67D1C50E0FD0099010C /* PBXContainerItemProxy */ = {
			isa = PBXContainerItemProxy;
			containerPortal = A5F4E6601C50E0FD0099010C /* Project object */;
			proxyType = 1;
			remoteGlobalIDString = A5F4E6671C50E0FD0099010C;
			remoteInfo = MozQuito;
		};
/* End PBXContainerItemProxy section */

/* Begin PBXFileReference section */
		14F2D386169590A92E3F0628 /* Pods-MozQuitoTests.release.xcconfig */ = {isa = PBXFileReference; includeInIndex = 1; lastKnownFileType = text.xcconfig; name = "Pods-MozQuitoTests.release.xcconfig"; path = "Libraries/Pods/Target Support Files/Pods-MozQuitoTests/Pods-MozQuitoTests.release.xcconfig"; sourceTree = "<group>"; };
		1DA1FD0FDFB66E475999B7CB /* Pods-MozQuitoTests.beta testing.xcconfig */ = {isa = PBXFileReference; includeInIndex = 1; lastKnownFileType = text.xcconfig; name = "Pods-MozQuitoTests.beta testing.xcconfig"; path = "Libraries/Pods/Target Support Files/Pods-MozQuitoTests/Pods-MozQuitoTests.beta testing.xcconfig"; sourceTree = "<group>"; };
		1FCDD3837DE771F11761A96F /* Pods-MozQuitoTests.debug.xcconfig */ = {isa = PBXFileReference; includeInIndex = 1; lastKnownFileType = text.xcconfig; name = "Pods-MozQuitoTests.debug.xcconfig"; path = "Libraries/Pods/Target Support Files/Pods-MozQuitoTests/Pods-MozQuitoTests.debug.xcconfig"; sourceTree = "<group>"; };
		347BBE64CFE0BEDD005ADC56 /* Pods-MozQuito.beta testing.xcconfig */ = {isa = PBXFileReference; includeInIndex = 1; lastKnownFileType = text.xcconfig; name = "Pods-MozQuito.beta testing.xcconfig"; path = "Libraries/Pods/Target Support Files/Pods-MozQuito/Pods-MozQuito.beta testing.xcconfig"; sourceTree = "<group>"; };
		4087E065765E5258925F1D8D /* Pods_MozQuito.framework */ = {isa = PBXFileReference; explicitFileType = wrapper.framework; includeInIndex = 0; path = Pods_MozQuito.framework; sourceTree = BUILT_PRODUCTS_DIR; };
		517D4BD0F05C6076366BC3EA /* Pods-MozQuito.debug.xcconfig */ = {isa = PBXFileReference; includeInIndex = 1; lastKnownFileType = text.xcconfig; name = "Pods-MozQuito.debug.xcconfig"; path = "Libraries/Pods/Target Support Files/Pods-MozQuito/Pods-MozQuito.debug.xcconfig"; sourceTree = "<group>"; };
		661A68C89CB11FF3490F5718 /* Pods_MozQuitoTests.framework */ = {isa = PBXFileReference; explicitFileType = wrapper.framework; includeInIndex = 0; path = Pods_MozQuitoTests.framework; sourceTree = BUILT_PRODUCTS_DIR; };
		6B13841D79603ED17EA63090 /* Pods-MozQuito.release.xcconfig */ = {isa = PBXFileReference; includeInIndex = 1; lastKnownFileType = text.xcconfig; name = "Pods-MozQuito.release.xcconfig"; path = "Libraries/Pods/Target Support Files/Pods-MozQuito/Pods-MozQuito.release.xcconfig"; sourceTree = "<group>"; };
		A505BA421C56512E004F2607 /* Beta Testing Release Notes.txt */ = {isa = PBXFileReference; fileEncoding = 4; lastKnownFileType = text; path = "Beta Testing Release Notes.txt"; sourceTree = "<group>"; };
		A505BA471C567057004F2607 /* MZAuthenticationToken.swift */ = {isa = PBXFileReference; fileEncoding = 4; lastKnownFileType = sourcecode.swift; name = MZAuthenticationToken.swift; path = "Modules/Core/Network Operations/MZAuthenticationToken.swift"; sourceTree = "<group>"; };
		A505BA491C5672EF004F2607 /* AlamofireJSONOperation.swift */ = {isa = PBXFileReference; fileEncoding = 4; lastKnownFileType = sourcecode.swift; name = AlamofireJSONOperation.swift; path = "Modules/Core/Network Operations/AlamofireJSONOperation.swift"; sourceTree = "<group>"; };
		A505BA4B1C567CA1004F2607 /* MZAuthenticatedOperation.swift */ = {isa = PBXFileReference; fileEncoding = 4; lastKnownFileType = sourcecode.swift; name = MZAuthenticatedOperation.swift; path = "Modules/Core/Network Operations/MZAuthenticatedOperation.swift"; sourceTree = "<group>"; };
		A54B1D221C57A3F30086BE0D /* URLMetricsTest.swift */ = {isa = PBXFileReference; fileEncoding = 4; lastKnownFileType = sourcecode.swift; path = URLMetricsTest.swift; sourceTree = "<group>"; };
		A54B1D281C57AC920086BE0D /* MozQuitoTests-Bridging-Header.h */ = {isa = PBXFileReference; fileEncoding = 4; lastKnownFileType = sourcecode.c.h; path = "MozQuitoTests-Bridging-Header.h"; sourceTree = "<group>"; };
		A59626DB1C5274670076147C /* AnalyticsInteractors.swift */ = {isa = PBXFileReference; fileEncoding = 4; lastKnownFileType = sourcecode.swift; name = AnalyticsInteractors.swift; path = Modules/Analytics/AnalyticsInteractors.swift; sourceTree = "<group>"; };
		A59626E01C5277820076147C /* TestAnalyticsViewController.swift */ = {isa = PBXFileReference; fileEncoding = 4; lastKnownFileType = sourcecode.swift; name = TestAnalyticsViewController.swift; path = Modules/Analytics/TestAnalyticsViewController.swift; sourceTree = "<group>"; };
		A59627051C52892D0076147C /* MozQuito-Bridging-Header.h */ = {isa = PBXFileReference; lastKnownFileType = sourcecode.c.h; path = "MozQuito-Bridging-Header.h"; sourceTree = "<group>"; };
		A59627091C5289870076147C /* AnalyticEntities.swift */ = {isa = PBXFileReference; fileEncoding = 4; lastKnownFileType = sourcecode.swift; name = AnalyticEntities.swift; path = Modules/Analytics/AnalyticEntities.swift; sourceTree = "<group>"; };
		A596270B1C528C1D0076147C /* MZAppDependencies.swift */ = {isa = PBXFileReference; fileEncoding = 4; lastKnownFileType = sourcecode.swift; name = MZAppDependencies.swift; path = Modules/Core/MZAppDependencies.swift; sourceTree = "<group>"; };
		A59627101C5292740076147C /* MZStoryboardLoader.swift */ = {isa = PBXFileReference; fileEncoding = 4; lastKnownFileType = sourcecode.swift; name = MZStoryboardLoader.swift; path = Modules/Core/MZStoryboardLoader.swift; sourceTree = "<group>"; };
		A5EA9A8A1C568083004CC9EF /* MZURLMetricsOperations.swift */ = {isa = PBXFileReference; fileEncoding = 4; lastKnownFileType = sourcecode.swift; name = MZURLMetricsOperations.swift; path = Modules/URLMetrics/NetworkOperations/MZURLMetricsOperations.swift; sourceTree = "<group>"; };
		A5EA9A8D1C5681E1004CC9EF /* URLMetricsViperProtocols.swift */ = {isa = PBXFileReference; fileEncoding = 4; lastKnownFileType = sourcecode.swift; name = URLMetricsViperProtocols.swift; path = Modules/URLMetrics/Viper/URLMetricsViperProtocols.swift; sourceTree = "<group>"; };
		A5EA9A8F1C568233004CC9EF /* MZMetric.swift */ = {isa = PBXFileReference; fileEncoding = 4; lastKnownFileType = sourcecode.swift; name = MZMetric.swift; path = Modules/Core/MZMetric.swift; sourceTree = "<group>"; };
		A5EA9A911C5686FB004CC9EF /* URLMetricsViperImplementation.swift */ = {isa = PBXFileReference; fileEncoding = 4; lastKnownFileType = sourcecode.swift; name = URLMetricsViperImplementation.swift; path = Modules/URLMetrics/Viper/URLMetricsViperImplementation.swift; sourceTree = "<group>"; };
		A5EA9A941C568D92004CC9EF /* ViperTester.swift */ = {isa = PBXFileReference; fileEncoding = 4; lastKnownFileType = sourcecode.swift; name = ViperTester.swift; path = Libraries/ViperTester.swift; sourceTree = "<group>"; };
		A5EA9A961C568DAF004CC9EF /* AdvancedOperationTestCase.swift */ = {isa = PBXFileReference; fileEncoding = 4; lastKnownFileType = sourcecode.swift; name = AdvancedOperationTestCase.swift; path = "Libraries/Testing Code/AdvancedOperationTestCase.swift"; sourceTree = SOURCE_ROOT; };
		A5EA9A971C568DAF004CC9EF /* NLAssertEqualOptional.swift */ = {isa = PBXFileReference; fileEncoding = 4; lastKnownFileType = sourcecode.swift; name = NLAssertEqualOptional.swift; path = "Libraries/Testing Code/NLAssertEqualOptional.swift"; sourceTree = SOURCE_ROOT; };
		A5EA9A981C568DAF004CC9EF /* TestAnalyticsInteractors.swift */ = {isa = PBXFileReference; fileEncoding = 4; lastKnownFileType = sourcecode.swift; name = TestAnalyticsInteractors.swift; path = "Libraries/Testing Code/TestAnalyticsInteractors.swift"; sourceTree = SOURCE_ROOT; };
		A5F4E6681C50E0FD0099010C /* MozQuito.app */ = {isa = PBXFileReference; explicitFileType = wrapper.application; includeInIndex = 0; path = MozQuito.app; sourceTree = BUILT_PRODUCTS_DIR; };
		A5F4E66B1C50E0FD0099010C /* AppDelegate.swift */ = {isa = PBXFileReference; lastKnownFileType = sourcecode.swift; path = AppDelegate.swift; sourceTree = "<group>"; };
		A5F4E6701C50E0FD0099010C /* Base */ = {isa = PBXFileReference; lastKnownFileType = file.storyboard; name = Base; path = Base.lproj/Test.storyboard; sourceTree = "<group>"; };
		A5F4E6721C50E0FD0099010C /* Assets.xcassets */ = {isa = PBXFileReference; lastKnownFileType = folder.assetcatalog; path = Assets.xcassets; sourceTree = "<group>"; };
		A5F4E6751C50E0FD0099010C /* Base */ = {isa = PBXFileReference; lastKnownFileType = file.storyboard; name = Base; path = Base.lproj/LaunchScreen.storyboard; sourceTree = "<group>"; };
		A5F4E6771C50E0FD0099010C /* Info.plist */ = {isa = PBXFileReference; lastKnownFileType = text.plist.xml; path = Info.plist; sourceTree = "<group>"; };
		A5F4E67C1C50E0FD0099010C /* MozQuitoTests.xctest */ = {isa = PBXFileReference; explicitFileType = wrapper.cfbundle; includeInIndex = 0; path = MozQuitoTests.xctest; sourceTree = BUILT_PRODUCTS_DIR; };
		A5F4E6801C50E0FD0099010C /* MozQuitoTests.swift */ = {isa = PBXFileReference; lastKnownFileType = sourcecode.swift; path = MozQuitoTests.swift; sourceTree = "<group>"; };
		A5F4E6821C50E0FD0099010C /* Info.plist */ = {isa = PBXFileReference; lastKnownFileType = text.plist.xml; path = Info.plist; sourceTree = "<group>"; };
		A5F4E6A71C5113D00099010C /* MozQuito-Info.h */ = {isa = PBXFileReference; lastKnownFileType = sourcecode.c.h; path = "MozQuito-Info.h"; sourceTree = "<group>"; };
/* End PBXFileReference section */

/* Begin PBXFrameworksBuildPhase section */
		A5F4E6651C50E0FD0099010C /* Frameworks */ = {
			isa = PBXFrameworksBuildPhase;
			buildActionMask = 2147483647;
			files = (
				1303F15E435FCCB59E345884 /* Pods_MozQuito.framework in Frameworks */,
			);
			runOnlyForDeploymentPostprocessing = 0;
		};
		A5F4E6791C50E0FD0099010C /* Frameworks */ = {
			isa = PBXFrameworksBuildPhase;
			buildActionMask = 2147483647;
			files = (
				D0171968272E6A403E62E8D8 /* Pods_MozQuitoTests.framework in Frameworks */,
			);
			runOnlyForDeploymentPostprocessing = 0;
		};
/* End PBXFrameworksBuildPhase section */

/* Begin PBXGroup section */
		4AD738720430DE630F07D53C /* Pods */ = {
			isa = PBXGroup;
			children = (
				517D4BD0F05C6076366BC3EA /* Pods-MozQuito.debug.xcconfig */,
				6B13841D79603ED17EA63090 /* Pods-MozQuito.release.xcconfig */,
				347BBE64CFE0BEDD005ADC56 /* Pods-MozQuito.beta testing.xcconfig */,
				1FCDD3837DE771F11761A96F /* Pods-MozQuitoTests.debug.xcconfig */,
				14F2D386169590A92E3F0628 /* Pods-MozQuitoTests.release.xcconfig */,
				1DA1FD0FDFB66E475999B7CB /* Pods-MozQuitoTests.beta testing.xcconfig */,
			);
			name = Pods;
			sourceTree = "<group>";
		};
		69D7909DEAB1572C76C0D2F1 /* Frameworks */ = {
			isa = PBXGroup;
			children = (
				4087E065765E5258925F1D8D /* Pods_MozQuito.framework */,
				661A68C89CB11FF3490F5718 /* Pods_MozQuitoTests.framework */,
			);
			name = Frameworks;
			sourceTree = "<group>";
		};
		A505BA441C567017004F2607 /* URL Metrics */ = {
			isa = PBXGroup;
			children = (
				A5EA9A8C1C5681B6004CC9EF /* Viper */,
				A505BA451C567025004F2607 /* Network Operations */,
			);
			name = "URL Metrics";
			sourceTree = "<group>";
		};
		A505BA451C567025004F2607 /* Network Operations */ = {
			isa = PBXGroup;
			children = (
				A5EA9A8A1C568083004CC9EF /* MZURLMetricsOperations.swift */,
			);
			name = "Network Operations";
			sourceTree = "<group>";
		};
		A505BA461C567035004F2607 /* Network Operations */ = {
			isa = PBXGroup;
			children = (
				A505BA491C5672EF004F2607 /* AlamofireJSONOperation.swift */,
				A505BA471C567057004F2607 /* MZAuthenticationToken.swift */,
				A505BA4B1C567CA1004F2607 /* MZAuthenticatedOperation.swift */,
			);
			name = "Network Operations";
			sourceTree = "<group>";
		};
		A59626D91C52743E0076147C /* Modules */ = {
			isa = PBXGroup;
			children = (
				A505BA441C567017004F2607 /* URL Metrics */,
				A59626DA1C5274460076147C /* Analytics */,
				A596270D1C528C300076147C /* Core */,
			);
			name = Modules;
			sourceTree = "<group>";
		};
		A59626DA1C5274460076147C /* Analytics */ = {
			isa = PBXGroup;
			children = (
				A59626DB1C5274670076147C /* AnalyticsInteractors.swift */,
				A59627091C5289870076147C /* AnalyticEntities.swift */,
				A59626E01C5277820076147C /* TestAnalyticsViewController.swift */,
			);
			name = Analytics;
			sourceTree = "<group>";
		};
		A59626DF1C5277250076147C /* Storyboards */ = {
			isa = PBXGroup;
			children = (
				A5F4E6741C50E0FD0099010C /* LaunchScreen.storyboard */,
				A5F4E66F1C50E0FD0099010C /* Test.storyboard */,
			);
			name = Storyboards;
			sourceTree = "<group>";
		};
		A596270D1C528C300076147C /* Core */ = {
			isa = PBXGroup;
			children = (
				A505BA461C567035004F2607 /* Network Operations */,
				A596270B1C528C1D0076147C /* MZAppDependencies.swift */,
				A59627101C5292740076147C /* MZStoryboardLoader.swift */,
				A5EA9A8F1C568233004CC9EF /* MZMetric.swift */,
			);
			name = Core;
			sourceTree = "<group>";
		};
		A5EA9A8C1C5681B6004CC9EF /* Viper */ = {
			isa = PBXGroup;
			children = (
				A5EA9A8D1C5681E1004CC9EF /* URLMetricsViperProtocols.swift */,
				A5EA9A911C5686FB004CC9EF /* URLMetricsViperImplementation.swift */,
			);
			name = Viper;
			sourceTree = "<group>";
		};
		A5EA9A931C568D73004CC9EF /* Libraries */ = {
			isa = PBXGroup;
			children = (
				A5EA9A941C568D92004CC9EF /* ViperTester.swift */,
				A5EA9A961C568DAF004CC9EF /* AdvancedOperationTestCase.swift */,
				A5EA9A971C568DAF004CC9EF /* NLAssertEqualOptional.swift */,
				A5EA9A981C568DAF004CC9EF /* TestAnalyticsInteractors.swift */,
			);
			name = Libraries;
			sourceTree = "<group>";
		};
		A5F4E65F1C50E0FD0099010C = {
			isa = PBXGroup;
			children = (
				A5F4E66A1C50E0FD0099010C /* MozQuito */,
				A5F4E67F1C50E0FD0099010C /* MozQuitoTests */,
				A5F4E6691C50E0FD0099010C /* Products */,
				4AD738720430DE630F07D53C /* Pods */,
				69D7909DEAB1572C76C0D2F1 /* Frameworks */,
			);
			sourceTree = "<group>";
		};
		A5F4E6691C50E0FD0099010C /* Products */ = {
			isa = PBXGroup;
			children = (
				A5F4E6681C50E0FD0099010C /* MozQuito.app */,
				A5F4E67C1C50E0FD0099010C /* MozQuitoTests.xctest */,
			);
			name = Products;
			sourceTree = "<group>";
		};
		A5F4E66A1C50E0FD0099010C /* MozQuito */ = {
			isa = PBXGroup;
			children = (
				A5F4E66B1C50E0FD0099010C /* AppDelegate.swift */,
				A5F4E6A71C5113D00099010C /* MozQuito-Info.h */,
				A505BA421C56512E004F2607 /* Beta Testing Release Notes.txt */,
				A59627051C52892D0076147C /* MozQuito-Bridging-Header.h */,
				A5F4E6771C50E0FD0099010C /* Info.plist */,
				A59626D91C52743E0076147C /* Modules */,
				A59626DF1C5277250076147C /* Storyboards */,
				A5F4E6721C50E0FD0099010C /* Assets.xcassets */,
			);
			path = MozQuito;
			sourceTree = "<group>";
		};
		A5F4E67F1C50E0FD0099010C /* MozQuitoTests */ = {
			isa = PBXGroup;
			children = (
				A5F4E6801C50E0FD0099010C /* MozQuitoTests.swift */,
				A54B1D221C57A3F30086BE0D /* URLMetricsTest.swift */,
				A54B1D281C57AC920086BE0D /* MozQuitoTests-Bridging-Header.h */,
				A5EA9A931C568D73004CC9EF /* Libraries */,
				A5F4E6821C50E0FD0099010C /* Info.plist */,
			);
			path = MozQuitoTests;
			sourceTree = "<group>";
		};
/* End PBXGroup section */

/* Begin PBXNativeTarget section */
		A5F4E6671C50E0FD0099010C /* MozQuito */ = {
			isa = PBXNativeTarget;
			buildConfigurationList = A5F4E6851C50E0FD0099010C /* Build configuration list for PBXNativeTarget "MozQuito" */;
			buildPhases = (
				F22743495F1EF2404723081F /* Check Pods Manifest.lock */,
				A5F4E6641C50E0FD0099010C /* Sources */,
				A5F4E6651C50E0FD0099010C /* Frameworks */,
				A5F4E6661C50E0FD0099010C /* Resources */,
				A9F5ED1605A0517D85BD62FA /* Embed Pods Frameworks */,
				82CBD3F762B24275BB76B977 /* Copy Pods Resources */,
				A505BA411C563E4A004F2607 /* ShellScript */,
			);
			buildRules = (
			);
			dependencies = (
			);
			name = MozQuito;
			productName = MozQuito;
			productReference = A5F4E6681C50E0FD0099010C /* MozQuito.app */;
			productType = "com.apple.product-type.application";
		};
		A5F4E67B1C50E0FD0099010C /* MozQuitoTests */ = {
			isa = PBXNativeTarget;
			buildConfigurationList = A5F4E6881C50E0FD0099010C /* Build configuration list for PBXNativeTarget "MozQuitoTests" */;
			buildPhases = (
				5092EEEE4558A00655037D59 /* Check Pods Manifest.lock */,
				A5F4E6781C50E0FD0099010C /* Sources */,
				A5F4E6791C50E0FD0099010C /* Frameworks */,
				A5F4E67A1C50E0FD0099010C /* Resources */,
				A6D7EB7BDD3DE9B2CA1751C2 /* Embed Pods Frameworks */,
				3C54942435A29D6B8154C67F /* Copy Pods Resources */,
			);
			buildRules = (
			);
			dependencies = (
				A5F4E67E1C50E0FD0099010C /* PBXTargetDependency */,
			);
			name = MozQuitoTests;
			productName = MozQuitoTests;
			productReference = A5F4E67C1C50E0FD0099010C /* MozQuitoTests.xctest */;
			productType = "com.apple.product-type.bundle.unit-test";
		};
/* End PBXNativeTarget section */

/* Begin PBXProject section */
		A5F4E6601C50E0FD0099010C /* Project object */ = {
			isa = PBXProject;
			attributes = {
				LastSwiftUpdateCheck = 0720;
				LastUpgradeCheck = 0720;
				ORGANIZATIONNAME = "The Distance";
				TargetAttributes = {
					A5F4E6671C50E0FD0099010C = {
						CreatedOnToolsVersion = 7.2;
						DevelopmentTeam = RA4PB2C3M4;
					};
					A5F4E67B1C50E0FD0099010C = {
						CreatedOnToolsVersion = 7.2;
						TestTargetID = A5F4E6671C50E0FD0099010C;
					};
				};
			};
			buildConfigurationList = A5F4E6631C50E0FD0099010C /* Build configuration list for PBXProject "MozQuito" */;
			compatibilityVersion = "Xcode 3.2";
			developmentRegion = English;
			hasScannedForEncodings = 0;
			knownRegions = (
				en,
				Base,
			);
			mainGroup = A5F4E65F1C50E0FD0099010C;
			productRefGroup = A5F4E6691C50E0FD0099010C /* Products */;
			projectDirPath = "";
			projectRoot = "";
			targets = (
				A5F4E6671C50E0FD0099010C /* MozQuito */,
				A5F4E67B1C50E0FD0099010C /* MozQuitoTests */,
			);
		};
/* End PBXProject section */

/* Begin PBXResourcesBuildPhase section */
		A5F4E6661C50E0FD0099010C /* Resources */ = {
			isa = PBXResourcesBuildPhase;
			buildActionMask = 2147483647;
			files = (
				A505BA431C56512E004F2607 /* Beta Testing Release Notes.txt in Resources */,
				A5F4E6761C50E0FD0099010C /* LaunchScreen.storyboard in Resources */,
				A5F4E6731C50E0FD0099010C /* Assets.xcassets in Resources */,
				A5F4E6711C50E0FD0099010C /* Test.storyboard in Resources */,
			);
			runOnlyForDeploymentPostprocessing = 0;
		};
		A5F4E67A1C50E0FD0099010C /* Resources */ = {
			isa = PBXResourcesBuildPhase;
			buildActionMask = 2147483647;
			files = (
			);
			runOnlyForDeploymentPostprocessing = 0;
		};
/* End PBXResourcesBuildPhase section */

/* Begin PBXShellScriptBuildPhase section */
		3C54942435A29D6B8154C67F /* Copy Pods Resources */ = {
			isa = PBXShellScriptBuildPhase;
			buildActionMask = 2147483647;
			files = (
			);
			inputPaths = (
			);
			name = "Copy Pods Resources";
			outputPaths = (
			);
			runOnlyForDeploymentPostprocessing = 0;
			shellPath = /bin/sh;
			shellScript = "\"${SRCROOT}/Libraries/Pods/Target Support Files/Pods-MozQuitoTests/Pods-MozQuitoTests-resources.sh\"\n";
			showEnvVarsInLog = 0;
		};
		5092EEEE4558A00655037D59 /* Check Pods Manifest.lock */ = {
			isa = PBXShellScriptBuildPhase;
			buildActionMask = 2147483647;
			files = (
			);
			inputPaths = (
			);
			name = "Check Pods Manifest.lock";
			outputPaths = (
			);
			runOnlyForDeploymentPostprocessing = 0;
			shellPath = /bin/sh;
			shellScript = "diff \"${PODS_ROOT}/../Podfile.lock\" \"${PODS_ROOT}/Manifest.lock\" > /dev/null\nif [[ $? != 0 ]] ; then\n    cat << EOM\nerror: The sandbox is not in sync with the Podfile.lock. Run 'pod install' or update your CocoaPods installation.\nEOM\n    exit 1\nfi\n";
			showEnvVarsInLog = 0;
		};
		82CBD3F762B24275BB76B977 /* Copy Pods Resources */ = {
			isa = PBXShellScriptBuildPhase;
			buildActionMask = 2147483647;
			files = (
			);
			inputPaths = (
			);
			name = "Copy Pods Resources";
			outputPaths = (
			);
			runOnlyForDeploymentPostprocessing = 0;
			shellPath = /bin/sh;
			shellScript = "\"${SRCROOT}/Libraries/Pods/Target Support Files/Pods-MozQuito/Pods-MozQuito-resources.sh\"\n";
			showEnvVarsInLog = 0;
		};
		A505BA411C563E4A004F2607 /* ShellScript */ = {
			isa = PBXShellScriptBuildPhase;
			buildActionMask = 2147483647;
			files = (
			);
			inputPaths = (
			);
			outputPaths = (
			);
			runOnlyForDeploymentPostprocessing = 0;
			shellPath = /bin/sh;
			shellScript = "\"${PODS_ROOT}/Fabric/run\" 015a3121c76ea8baec90c4a97c7bd1976400adad dc9c94e3c240c0f762b3ba151b9bb3c0ddf4271bf6be439432c002315672794f";
		};
		A6D7EB7BDD3DE9B2CA1751C2 /* Embed Pods Frameworks */ = {
			isa = PBXShellScriptBuildPhase;
			buildActionMask = 2147483647;
			files = (
			);
			inputPaths = (
			);
			name = "Embed Pods Frameworks";
			outputPaths = (
			);
			runOnlyForDeploymentPostprocessing = 0;
			shellPath = /bin/sh;
			shellScript = "\"${SRCROOT}/Libraries/Pods/Target Support Files/Pods-MozQuitoTests/Pods-MozQuitoTests-frameworks.sh\"\n";
			showEnvVarsInLog = 0;
		};
		A9F5ED1605A0517D85BD62FA /* Embed Pods Frameworks */ = {
			isa = PBXShellScriptBuildPhase;
			buildActionMask = 2147483647;
			files = (
			);
			inputPaths = (
			);
			name = "Embed Pods Frameworks";
			outputPaths = (
			);
			runOnlyForDeploymentPostprocessing = 0;
			shellPath = /bin/sh;
			shellScript = "\"${SRCROOT}/Libraries/Pods/Target Support Files/Pods-MozQuito/Pods-MozQuito-frameworks.sh\"\n";
			showEnvVarsInLog = 0;
		};
		F22743495F1EF2404723081F /* Check Pods Manifest.lock */ = {
			isa = PBXShellScriptBuildPhase;
			buildActionMask = 2147483647;
			files = (
			);
			inputPaths = (
			);
			name = "Check Pods Manifest.lock";
			outputPaths = (
			);
			runOnlyForDeploymentPostprocessing = 0;
			shellPath = /bin/sh;
			shellScript = "diff \"${PODS_ROOT}/../Podfile.lock\" \"${PODS_ROOT}/Manifest.lock\" > /dev/null\nif [[ $? != 0 ]] ; then\n    cat << EOM\nerror: The sandbox is not in sync with the Podfile.lock. Run 'pod install' or update your CocoaPods installation.\nEOM\n    exit 1\nfi\n";
			showEnvVarsInLog = 0;
		};
/* End PBXShellScriptBuildPhase section */

/* Begin PBXSourcesBuildPhase section */
		A5F4E6641C50E0FD0099010C /* Sources */ = {
			isa = PBXSourcesBuildPhase;
			buildActionMask = 2147483647;
			files = (
				A5F4E66C1C50E0FD0099010C /* AppDelegate.swift in Sources */,
				A59626E11C5277820076147C /* TestAnalyticsViewController.swift in Sources */,
				A505BA4A1C5672EF004F2607 /* AlamofireJSONOperation.swift in Sources */,
				A5EA9A921C5686FB004CC9EF /* URLMetricsViperImplementation.swift in Sources */,
				A505BA481C567057004F2607 /* MZAuthenticationToken.swift in Sources */,
				A5EA9A901C568233004CC9EF /* MZMetric.swift in Sources */,
				A5EA9A8E1C5681E1004CC9EF /* URLMetricsViperProtocols.swift in Sources */,
				A596270A1C5289870076147C /* AnalyticEntities.swift in Sources */,
				A5EA9A8B1C568083004CC9EF /* MZURLMetricsOperations.swift in Sources */,
				A505BA4C1C567CA1004F2607 /* MZAuthenticatedOperation.swift in Sources */,
				A596270C1C528C1D0076147C /* MZAppDependencies.swift in Sources */,
				A59627111C5292740076147C /* MZStoryboardLoader.swift in Sources */,
				A59626DC1C5274670076147C /* AnalyticsInteractors.swift in Sources */,
			);
			runOnlyForDeploymentPostprocessing = 0;
		};
		A5F4E6781C50E0FD0099010C /* Sources */ = {
			isa = PBXSourcesBuildPhase;
			buildActionMask = 2147483647;
			files = (
				A5EA9A9A1C568DAF004CC9EF /* NLAssertEqualOptional.swift in Sources */,
				A5EA9A991C568DAF004CC9EF /* AdvancedOperationTestCase.swift in Sources */,
				A5F4E6811C50E0FD0099010C /* MozQuitoTests.swift in Sources */,
				A54B1D231C57A3F30086BE0D /* URLMetricsTest.swift in Sources */,
				A5EA9A951C568D92004CC9EF /* ViperTester.swift in Sources */,
				A5EA9A9B1C568DAF004CC9EF /* TestAnalyticsInteractors.swift in Sources */,
			);
			runOnlyForDeploymentPostprocessing = 0;
		};
/* End PBXSourcesBuildPhase section */

/* Begin PBXTargetDependency section */
		A5F4E67E1C50E0FD0099010C /* PBXTargetDependency */ = {
			isa = PBXTargetDependency;
			target = A5F4E6671C50E0FD0099010C /* MozQuito */;
			targetProxy = A5F4E67D1C50E0FD0099010C /* PBXContainerItemProxy */;
		};
/* End PBXTargetDependency section */

/* Begin PBXVariantGroup section */
		A5F4E66F1C50E0FD0099010C /* Test.storyboard */ = {
			isa = PBXVariantGroup;
			children = (
				A5F4E6701C50E0FD0099010C /* Base */,
			);
			name = Test.storyboard;
			sourceTree = "<group>";
		};
		A5F4E6741C50E0FD0099010C /* LaunchScreen.storyboard */ = {
			isa = PBXVariantGroup;
			children = (
				A5F4E6751C50E0FD0099010C /* Base */,
			);
			name = LaunchScreen.storyboard;
			sourceTree = "<group>";
		};
/* End PBXVariantGroup section */

/* Begin XCBuildConfiguration section */
		A5F4E6831C50E0FD0099010C /* Debug */ = {
			isa = XCBuildConfiguration;
			buildSettings = {
				ALWAYS_SEARCH_USER_PATHS = NO;
				CLANG_CXX_LANGUAGE_STANDARD = "gnu++0x";
				CLANG_CXX_LIBRARY = "libc++";
				CLANG_ENABLE_MODULES = YES;
				CLANG_ENABLE_OBJC_ARC = YES;
				CLANG_WARN_BOOL_CONVERSION = YES;
				CLANG_WARN_CONSTANT_CONVERSION = YES;
				CLANG_WARN_DIRECT_OBJC_ISA_USAGE = YES_ERROR;
				CLANG_WARN_EMPTY_BODY = YES;
				CLANG_WARN_ENUM_CONVERSION = YES;
				CLANG_WARN_INT_CONVERSION = YES;
				CLANG_WARN_OBJC_ROOT_CLASS = YES_ERROR;
				CLANG_WARN_UNREACHABLE_CODE = YES;
				CLANG_WARN__DUPLICATE_METHOD_MATCH = YES;
				"CODE_SIGN_IDENTITY[sdk=iphoneos*]" = "iPhone Developer";
				COPY_PHASE_STRIP = NO;
				DEBUG_INFORMATION_FORMAT = dwarf;
				ENABLE_STRICT_OBJC_MSGSEND = YES;
				ENABLE_TESTABILITY = YES;
				GCC_C_LANGUAGE_STANDARD = gnu99;
				GCC_DYNAMIC_NO_PIC = NO;
				GCC_NO_COMMON_BLOCKS = YES;
				GCC_OPTIMIZATION_LEVEL = 0;
				GCC_PREPROCESSOR_DEFINITIONS = (
					"DEBUG=1",
					"$(inherited)",
				);
				GCC_WARN_64_TO_32_BIT_CONVERSION = YES;
				GCC_WARN_ABOUT_RETURN_TYPE = YES_ERROR;
				GCC_WARN_UNDECLARED_SELECTOR = YES;
				GCC_WARN_UNINITIALIZED_AUTOS = YES_AGGRESSIVE;
				GCC_WARN_UNUSED_FUNCTION = YES;
				GCC_WARN_UNUSED_VARIABLE = YES;
				IPHONEOS_DEPLOYMENT_TARGET = 9.2;
				MTL_ENABLE_DEBUG_INFO = YES;
				ONLY_ACTIVE_ARCH = YES;
				SDKROOT = iphoneos;
				SWIFT_OPTIMIZATION_LEVEL = "-Onone";
				TARGETED_DEVICE_FAMILY = "1,2";
			};
			name = Debug;
		};
		A5F4E6841C50E0FD0099010C /* Release */ = {
			isa = XCBuildConfiguration;
			buildSettings = {
				ALWAYS_SEARCH_USER_PATHS = NO;
				CLANG_CXX_LANGUAGE_STANDARD = "gnu++0x";
				CLANG_CXX_LIBRARY = "libc++";
				CLANG_ENABLE_MODULES = YES;
				CLANG_ENABLE_OBJC_ARC = YES;
				CLANG_WARN_BOOL_CONVERSION = YES;
				CLANG_WARN_CONSTANT_CONVERSION = YES;
				CLANG_WARN_DIRECT_OBJC_ISA_USAGE = YES_ERROR;
				CLANG_WARN_EMPTY_BODY = YES;
				CLANG_WARN_ENUM_CONVERSION = YES;
				CLANG_WARN_INT_CONVERSION = YES;
				CLANG_WARN_OBJC_ROOT_CLASS = YES_ERROR;
				CLANG_WARN_UNREACHABLE_CODE = YES;
				CLANG_WARN__DUPLICATE_METHOD_MATCH = YES;
				"CODE_SIGN_IDENTITY[sdk=iphoneos*]" = "iPhone Developer";
				COPY_PHASE_STRIP = NO;
				DEBUG_INFORMATION_FORMAT = "dwarf-with-dsym";
				ENABLE_NS_ASSERTIONS = NO;
				ENABLE_STRICT_OBJC_MSGSEND = YES;
				GCC_C_LANGUAGE_STANDARD = gnu99;
				GCC_NO_COMMON_BLOCKS = YES;
				GCC_WARN_64_TO_32_BIT_CONVERSION = YES;
				GCC_WARN_ABOUT_RETURN_TYPE = YES_ERROR;
				GCC_WARN_UNDECLARED_SELECTOR = YES;
				GCC_WARN_UNINITIALIZED_AUTOS = YES_AGGRESSIVE;
				GCC_WARN_UNUSED_FUNCTION = YES;
				GCC_WARN_UNUSED_VARIABLE = YES;
				IPHONEOS_DEPLOYMENT_TARGET = 9.2;
				MTL_ENABLE_DEBUG_INFO = NO;
				SDKROOT = iphoneos;
				TARGETED_DEVICE_FAMILY = "1,2";
				VALIDATE_PRODUCT = YES;
			};
			name = Release;
		};
		A5F4E6861C50E0FD0099010C /* Debug */ = {
			isa = XCBuildConfiguration;
			baseConfigurationReference = 517D4BD0F05C6076366BC3EA /* Pods-MozQuito.debug.xcconfig */;
			buildSettings = {
				ASSETCATALOG_COMPILER_APPICON_NAME = AppIcon;
				CLANG_ALLOW_NON_MODULAR_INCLUDES_IN_FRAMEWORK_MODULES = NO;
				CLANG_ENABLE_MODULES = YES;
				CODE_SIGN_IDENTITY = "iPhone Developer: Anthony Main (6D22PCH782)";
				INFOPLIST_FILE = MozQuito/Info.plist;
				INFOPLIST_PREFIX_HEADER = "MozQuito/MozQuito-info.h";
				INFOPLIST_PREPROCESS = YES;
				IPHONEOS_DEPLOYMENT_TARGET = 8.0;
				LD_RUNPATH_SEARCH_PATHS = "$(inherited) @executable_path/Frameworks";
				OTHER_SWIFT_FLAGS = "$(inherited) \"-D\" \"COCOAPODS\" \"-DDEBUG\"";
				PRODUCT_BUNDLE_IDENTIFIER = uk.co.thedistance.MozQuito;
				PRODUCT_NAME = "$(TARGET_NAME)";
				PROVISIONING_PROFILE = "0943918a-2c94-4a2c-a224-4ff47e7d6ea5";
				SWIFT_OBJC_BRIDGING_HEADER = "MozQuito/MozQuito-Bridging-Header.h";
				SWIFT_OPTIMIZATION_LEVEL = "-Onone";
			};
			name = Debug;
		};
		A5F4E6871C50E0FD0099010C /* Release */ = {
			isa = XCBuildConfiguration;
			baseConfigurationReference = 6B13841D79603ED17EA63090 /* Pods-MozQuito.release.xcconfig */;
			buildSettings = {
				ASSETCATALOG_COMPILER_APPICON_NAME = AppIcon;
				CLANG_ALLOW_NON_MODULAR_INCLUDES_IN_FRAMEWORK_MODULES = NO;
				CLANG_ENABLE_MODULES = YES;
				CODE_SIGN_IDENTITY = "iPhone Developer";
				INFOPLIST_FILE = MozQuito/Info.plist;
				INFOPLIST_PREFIX_HEADER = "MozQuito/MozQuito-info.h";
				INFOPLIST_PREPROCESS = YES;
				IPHONEOS_DEPLOYMENT_TARGET = 8.0;
				LD_RUNPATH_SEARCH_PATHS = "$(inherited) @executable_path/Frameworks";
				PRODUCT_BUNDLE_IDENTIFIER = uk.co.thedistance.MozQuito;
				PRODUCT_NAME = "$(TARGET_NAME)";
				SWIFT_OBJC_BRIDGING_HEADER = "MozQuito/MozQuito-Bridging-Header.h";
			};
			name = Release;
		};
		A5F4E6891C50E0FD0099010C /* Debug */ = {
			isa = XCBuildConfiguration;
			baseConfigurationReference = 1FCDD3837DE771F11761A96F /* Pods-MozQuitoTests.debug.xcconfig */;
			buildSettings = {
				BUNDLE_LOADER = "$(TEST_HOST)";
				INFOPLIST_FILE = MozQuitoTests/Info.plist;
				LD_RUNPATH_SEARCH_PATHS = "$(inherited) @executable_path/Frameworks @loader_path/Frameworks";
				PRODUCT_BUNDLE_IDENTIFIER = uk.co.thedistance.MozQuitoTests;
				PRODUCT_NAME = "$(TARGET_NAME)";
				SWIFT_OBJC_BRIDGING_HEADER = "MozQuitoTests/MozQuitoTests-Bridging-Header.h";
				TEST_HOST = "$(BUILT_PRODUCTS_DIR)/MozQuito.app/MozQuito";
			};
			name = Debug;
		};
		A5F4E68A1C50E0FD0099010C /* Release */ = {
			isa = XCBuildConfiguration;
			baseConfigurationReference = 14F2D386169590A92E3F0628 /* Pods-MozQuitoTests.release.xcconfig */;
			buildSettings = {
				BUNDLE_LOADER = "$(TEST_HOST)";
				INFOPLIST_FILE = MozQuitoTests/Info.plist;
				LD_RUNPATH_SEARCH_PATHS = "$(inherited) @executable_path/Frameworks @loader_path/Frameworks";
				PRODUCT_BUNDLE_IDENTIFIER = uk.co.thedistance.MozQuitoTests;
				PRODUCT_NAME = "$(TARGET_NAME)";
				SWIFT_OBJC_BRIDGING_HEADER = "MozQuitoTests/MozQuitoTests-Bridging-Header.h";
				TEST_HOST = "$(BUILT_PRODUCTS_DIR)/MozQuito.app/MozQuito";
			};
			name = Release;
		};
		A5F4E6A41C5112450099010C /* Beta Testing */ = {
			isa = XCBuildConfiguration;
			buildSettings = {
				ALWAYS_SEARCH_USER_PATHS = NO;
				CLANG_CXX_LANGUAGE_STANDARD = "gnu++0x";
				CLANG_CXX_LIBRARY = "libc++";
				CLANG_ENABLE_MODULES = YES;
				CLANG_ENABLE_OBJC_ARC = YES;
				CLANG_WARN_BOOL_CONVERSION = YES;
				CLANG_WARN_CONSTANT_CONVERSION = YES;
				CLANG_WARN_DIRECT_OBJC_ISA_USAGE = YES_ERROR;
				CLANG_WARN_EMPTY_BODY = YES;
				CLANG_WARN_ENUM_CONVERSION = YES;
				CLANG_WARN_INT_CONVERSION = YES;
				CLANG_WARN_OBJC_ROOT_CLASS = YES_ERROR;
				CLANG_WARN_UNREACHABLE_CODE = YES;
				CLANG_WARN__DUPLICATE_METHOD_MATCH = YES;
				"CODE_SIGN_IDENTITY[sdk=iphoneos*]" = "iPhone Developer";
				COPY_PHASE_STRIP = NO;
				DEBUG_INFORMATION_FORMAT = "dwarf-with-dsym";
				ENABLE_NS_ASSERTIONS = NO;
				ENABLE_STRICT_OBJC_MSGSEND = YES;
				GCC_C_LANGUAGE_STANDARD = gnu99;
				GCC_NO_COMMON_BLOCKS = YES;
				GCC_WARN_64_TO_32_BIT_CONVERSION = YES;
				GCC_WARN_ABOUT_RETURN_TYPE = YES_ERROR;
				GCC_WARN_UNDECLARED_SELECTOR = YES;
				GCC_WARN_UNINITIALIZED_AUTOS = YES_AGGRESSIVE;
				GCC_WARN_UNUSED_FUNCTION = YES;
				GCC_WARN_UNUSED_VARIABLE = YES;
				IPHONEOS_DEPLOYMENT_TARGET = 9.2;
				MTL_ENABLE_DEBUG_INFO = NO;
				SDKROOT = iphoneos;
				TARGETED_DEVICE_FAMILY = "1,2";
				VALIDATE_PRODUCT = YES;
			};
			name = "Beta Testing";
		};
		A5F4E6A51C5112450099010C /* Beta Testing */ = {
			isa = XCBuildConfiguration;
			baseConfigurationReference = 347BBE64CFE0BEDD005ADC56 /* Pods-MozQuito.beta testing.xcconfig */;
			buildSettings = {
				ASSETCATALOG_COMPILER_APPICON_NAME = AppIcon;
				CLANG_ALLOW_NON_MODULAR_INCLUDES_IN_FRAMEWORK_MODULES = NO;
				CLANG_ENABLE_MODULES = YES;
				CODE_SIGN_IDENTITY = "iPhone Distribution: The Distance (mobile) Limited (RA4PB2C3M4)";
				INFOPLIST_FILE = MozQuito/Info.plist;
				INFOPLIST_PREFIX_HEADER = "MozQuito/MozQuito-info.h";
				INFOPLIST_PREPROCESS = YES;
				IPHONEOS_DEPLOYMENT_TARGET = 8.0;
				LD_RUNPATH_SEARCH_PATHS = "$(inherited) @executable_path/Frameworks";
				OTHER_SWIFT_FLAGS = "$(inherited) \"-D\" \"COCOAPODS\" \"-DBETA_TESTING\"";
				PRODUCT_BUNDLE_IDENTIFIER = uk.co.thedistance.MozQuito;
				PRODUCT_NAME = "$(TARGET_NAME)";
				PROVISIONING_PROFILE = "8e580fd0-d92b-4712-ac77-2a0f3b3c9428";
				SWIFT_OBJC_BRIDGING_HEADER = "MozQuito/MozQuito-Bridging-Header.h";
			};
			name = "Beta Testing";
		};
		A5F4E6A61C5112450099010C /* Beta Testing */ = {
			isa = XCBuildConfiguration;
			baseConfigurationReference = 1DA1FD0FDFB66E475999B7CB /* Pods-MozQuitoTests.beta testing.xcconfig */;
			buildSettings = {
				BUNDLE_LOADER = "$(TEST_HOST)";
				INFOPLIST_FILE = MozQuitoTests/Info.plist;
				LD_RUNPATH_SEARCH_PATHS = "$(inherited) @executable_path/Frameworks @loader_path/Frameworks";
				PRODUCT_BUNDLE_IDENTIFIER = uk.co.thedistance.MozQuitoTests;
				PRODUCT_NAME = "$(TARGET_NAME)";
				SWIFT_OBJC_BRIDGING_HEADER = "MozQuitoTests/MozQuitoTests-Bridging-Header.h";
				TEST_HOST = "$(BUILT_PRODUCTS_DIR)/MozQuito.app/MozQuito";
			};
			name = "Beta Testing";
		};
/* End XCBuildConfiguration section */

/* Begin XCConfigurationList section */
		A5F4E6631C50E0FD0099010C /* Build configuration list for PBXProject "MozQuito" */ = {
			isa = XCConfigurationList;
			buildConfigurations = (
				A5F4E6831C50E0FD0099010C /* Debug */,
				A5F4E6841C50E0FD0099010C /* Release */,
				A5F4E6A41C5112450099010C /* Beta Testing */,
			);
			defaultConfigurationIsVisible = 0;
			defaultConfigurationName = "Beta Testing";
		};
		A5F4E6851C50E0FD0099010C /* Build configuration list for PBXNativeTarget "MozQuito" */ = {
			isa = XCConfigurationList;
			buildConfigurations = (
				A5F4E6861C50E0FD0099010C /* Debug */,
				A5F4E6871C50E0FD0099010C /* Release */,
				A5F4E6A51C5112450099010C /* Beta Testing */,
			);
			defaultConfigurationIsVisible = 0;
			defaultConfigurationName = "Beta Testing";
		};
		A5F4E6881C50E0FD0099010C /* Build configuration list for PBXNativeTarget "MozQuitoTests" */ = {
			isa = XCConfigurationList;
			buildConfigurations = (
				A5F4E6891C50E0FD0099010C /* Debug */,
				A5F4E68A1C50E0FD0099010C /* Release */,
				A5F4E6A61C5112450099010C /* Beta Testing */,
			);
			defaultConfigurationIsVisible = 0;
			defaultConfigurationName = "Beta Testing";
		};
/* End XCConfigurationList section */
	};
	rootObject = A5F4E6601C50E0FD0099010C /* Project object */;
}
